
Microsoft Visual Studio Solution File, Format Version 12.00
# Visual Studio Version 16
VisualStudioVersion = 16.0.30523.141
MinimumVisualStudioVersion = 10.0.40219.1
Project("{FAE04EC0-301F-11D3-BF4B-00C04F79EFBC}") = "GameForProject", "GameForProject\GameForProject.csproj", "{B675EB21-3604-4FE3-A950-E47CB16DEA2C}"
EndProject
Global
	GlobalSection(SolutionConfigurationPlatforms) = preSolution
		Debug|Any CPU = Debug|Any CPU
		Release|Any CPU = Release|Any CPU
	EndGlobalSection
	GlobalSection(ProjectConfigurationPlatforms) = postSolution
		{B675EB21-3604-4FE3-A950-E47CB16DEA2C}.Debug|Any CPU.ActiveCfg = Debug|Any CPU
		{B675EB21-3604-4FE3-A950-E47CB16DEA2C}.Debug|Any CPU.Build.0 = Debug|Any CPU
		{B675EB21-3604-4FE3-A950-E47CB16DEA2C}.Release|Any CPU.ActiveCfg = Release|Any CPU
		{B675EB21-3604-4FE3-A950-E47CB16DEA2C}.Release|Any CPU.Build.0 = Release|Any CPU
	EndGlobalSection
	GlobalSection(SolutionProperties) = preSolution
		HideSolutionNode = FALSE
	EndGlobalSection
	GlobalSection(ExtensibilityGlobals) = postSolution
		SolutionGuid = {24A397E6-0AF0-4E41-98D6-7F9EFB438216}
	EndGlobalSection
EndGlobal
